
Microsoft Visual Studio Solution File, Format Version 12.00
# Visual Studio 15
VisualStudioVersion = 15.0.34320.172
MinimumVisualStudioVersion = 10.0.40219.1
Project("{FAE04EC0-301F-11D3-BF4B-00C04F79EFBC}") = "AlgorithmOfSha", "AlgorithmOfSha\AlgorithmOfSha.csproj", "{3E9C1204-2C42-4F73-A774-AF1CEC83F430}"
EndProject
Global
	GlobalSection(SolutionConfigurationPlatforms) = preSolution
		Debug|Any CPU = Debug|Any CPU
		Release|Any CPU = Release|Any CPU
	EndGlobalSection
	GlobalSection(ProjectConfigurationPlatforms) = postSolution
		{3E9C1204-2C42-4F73-A774-AF1CEC83F430}.Debug|Any CPU.ActiveCfg = Debug|Any CPU
		{3E9C1204-2C42-4F73-A774-AF1CEC83F430}.Debug|Any CPU.Build.0 = Debug|Any CPU
		{3E9C1204-2C42-4F73-A774-AF1CEC83F430}.Release|Any CPU.ActiveCfg = Release|Any CPU
		{3E9C1204-2C42-4F73-A774-AF1CEC83F430}.Release|Any CPU.Build.0 = Release|Any CPU
	EndGlobalSection
	GlobalSection(SolutionProperties) = preSolution
		HideSolutionNode = FALSE
	EndGlobalSection
	GlobalSection(ExtensibilityGlobals) = postSolution
		SolutionGuid = {2AB91FB3-C9E0-4C7F-A5AE-C4B62F07804B}
	EndGlobalSection
EndGlobal
